
Microsoft Visual Studio Solution File, Format Version 11.00
# Visual Studio 2010
Project("{FAE04EC0-301F-11D3-BF4B-00C04F79EFBC}") = "Assembly-CSharp", "Assembly-CSharp.csproj", "{60FE6E8E-0662-6BEF-99E0-5607D03F8A81}"
EndProject
Project("{FAE04EC0-301F-11D3-BF4B-00C04F79EFBC}") = "Assembly-CSharp-Editor", "Assembly-CSharp-Editor.csproj", "{B76E0291-C1E3-ECD9-8968-6369436AC1D3}"
EndProject
Global
	GlobalSection(SolutionConfigurationPlatforms) = preSolution
		Debug|Any CPU = Debug|Any CPU
		Release|Any CPU = Release|Any CPU
	EndGlobalSection
	GlobalSection(ProjectConfigurationPlatforms) = postSolution
		{60FE6E8E-0662-6BEF-99E0-5607D03F8A81}.Debug|Any CPU.ActiveCfg = Debug|Any CPU
		{60FE6E8E-0662-6BEF-99E0-5607D03F8A81}.Debug|Any CPU.Build.0 = Debug|Any CPU
		{60FE6E8E-0662-6BEF-99E0-5607D03F8A81}.Release|Any CPU.ActiveCfg = Release|Any CPU
		{60FE6E8E-0662-6BEF-99E0-5607D03F8A81}.Release|Any CPU.Build.0 = Release|Any CPU
		{B76E0291-C1E3-ECD9-8968-6369436AC1D3}.Debug|Any CPU.ActiveCfg = Debug|Any CPU
		{B76E0291-C1E3-ECD9-8968-6369436AC1D3}.Debug|Any CPU.Build.0 = Debug|Any CPU
		{B76E0291-C1E3-ECD9-8968-6369436AC1D3}.Release|Any CPU.ActiveCfg = Release|Any CPU
		{B76E0291-C1E3-ECD9-8968-6369436AC1D3}.Release|Any CPU.Build.0 = Release|Any CPU
	EndGlobalSection
	GlobalSection(SolutionProperties) = preSolution
		HideSolutionNode = FALSE
	EndGlobalSection
EndGlobal
